
Microsoft Visual Studio Solution File, Format Version 12.00
# Visual Studio Version 16
VisualStudioVersion = 16.0.31105.61
MinimumVisualStudioVersion = 10.0.40219.1
Project("{FAE04EC0-301F-11D3-BF4B-00C04F79EFBC}") = "Animal", "Animal.csproj", "{5A05E7E0-5CCB-4D18-9A07-3F81E7BEFAEF}"
EndProject
Global
	GlobalSection(SolutionConfigurationPlatforms) = preSolution
		Debug|Any CPU = Debug|Any CPU
		Release|Any CPU = Release|Any CPU
	EndGlobalSection
	GlobalSection(ProjectConfigurationPlatforms) = postSolution
		{5A05E7E0-5CCB-4D18-9A07-3F81E7BEFAEF}.Debug|Any CPU.ActiveCfg = Debug|Any CPU
		{5A05E7E0-5CCB-4D18-9A07-3F81E7BEFAEF}.Debug|Any CPU.Build.0 = Debug|Any CPU
		{5A05E7E0-5CCB-4D18-9A07-3F81E7BEFAEF}.Release|Any CPU.ActiveCfg = Release|Any CPU
		{5A05E7E0-5CCB-4D18-9A07-3F81E7BEFAEF}.Release|Any CPU.Build.0 = Release|Any CPU
	EndGlobalSection
	GlobalSection(SolutionProperties) = preSolution
		HideSolutionNode = FALSE
	EndGlobalSection
	GlobalSection(ExtensibilityGlobals) = postSolution
		SolutionGuid = {A6C0A756-5CD2-43D7-B310-0E6FC1BB029D}
	EndGlobalSection
EndGlobal
